
Microsoft Visual Studio Solution File, Format Version 12.00
# Visual Studio Version 17
VisualStudioVersion = 17.2.32519.379
MinimumVisualStudioVersion = 10.0.40219.1
Project("{9A19103F-16F7-4668-BE54-9A1E7A4F7556}") = "Male Fashion", "Male Fashion.csproj", "{DBF459A7-9DD5-46EF-99EB-98FC4CC687ED}"
	ProjectSection(ProjectDependencies) = postProject
		{1853196F-E56D-4E3D-8363-0B515B694E41} = {1853196F-E56D-4E3D-8363-0B515B694E41}
	EndProjectSection
EndProject
Project("{9A19103F-16F7-4668-BE54-9A1E7A4F7556}") = "Infrastructure", "..\Infrastructure\Infrastructure.csproj", "{1853196F-E56D-4E3D-8363-0B515B694E41}"
EndProject
Project("{9A19103F-16F7-4668-BE54-9A1E7A4F7556}") = "Domain", "..\Domain\Domain.csproj", "{167FAC37-042D-4AEA-A9C2-4BE4FBB89FE5}"
EndProject
Project("{9A19103F-16F7-4668-BE54-9A1E7A4F7556}") = "API", "..\API\API.csproj", "{416710DB-4B2B-40D9-8D64-AADDB8BA085E}"
EndProject
Project("{9A19103F-16F7-4668-BE54-9A1E7A4F7556}") = "UnitTest", "..\UnitTest\UnitTest.csproj", "{A3DAAAC8-5E10-4A3E-A166-49E3F9F2C17A}"
EndProject
Project("{9A19103F-16F7-4668-BE54-9A1E7A4F7556}") = "Library", "..\Library\Library.csproj", "{2EA72A6D-F202-4BB3-B563-FDA21DD509DA}"
EndProject
Global
	GlobalSection(SolutionConfigurationPlatforms) = preSolution
		Debug|Any CPU = Debug|Any CPU
		Release|Any CPU = Release|Any CPU
	EndGlobalSection
	GlobalSection(ProjectConfigurationPlatforms) = postSolution
		{DBF459A7-9DD5-46EF-99EB-98FC4CC687ED}.Debug|Any CPU.ActiveCfg = Debug|Any CPU
		{DBF459A7-9DD5-46EF-99EB-98FC4CC687ED}.Debug|Any CPU.Build.0 = Debug|Any CPU
		{DBF459A7-9DD5-46EF-99EB-98FC4CC687ED}.Release|Any CPU.ActiveCfg = Release|Any CPU
		{DBF459A7-9DD5-46EF-99EB-98FC4CC687ED}.Release|Any CPU.Build.0 = Release|Any CPU
		{1853196F-E56D-4E3D-8363-0B515B694E41}.Debug|Any CPU.ActiveCfg = Debug|Any CPU
		{1853196F-E56D-4E3D-8363-0B515B694E41}.Debug|Any CPU.Build.0 = Debug|Any CPU
		{1853196F-E56D-4E3D-8363-0B515B694E41}.Release|Any CPU.ActiveCfg = Release|Any CPU
		{1853196F-E56D-4E3D-8363-0B515B694E41}.Release|Any CPU.Build.0 = Release|Any CPU
		{167FAC37-042D-4AEA-A9C2-4BE4FBB89FE5}.Debug|Any CPU.ActiveCfg = Debug|Any CPU
		{167FAC37-042D-4AEA-A9C2-4BE4FBB89FE5}.Debug|Any CPU.Build.0 = Debug|Any CPU
		{167FAC37-042D-4AEA-A9C2-4BE4FBB89FE5}.Release|Any CPU.ActiveCfg = Release|Any CPU
		{167FAC37-042D-4AEA-A9C2-4BE4FBB89FE5}.Release|Any CPU.Build.0 = Release|Any CPU
		{416710DB-4B2B-40D9-8D64-AADDB8BA085E}.Debug|Any CPU.ActiveCfg = Debug|Any CPU
		{416710DB-4B2B-40D9-8D64-AADDB8BA085E}.Debug|Any CPU.Build.0 = Debug|Any CPU
		{416710DB-4B2B-40D9-8D64-AADDB8BA085E}.Release|Any CPU.ActiveCfg = Release|Any CPU
		{416710DB-4B2B-40D9-8D64-AADDB8BA085E}.Release|Any CPU.Build.0 = Release|Any CPU
		{A3DAAAC8-5E10-4A3E-A166-49E3F9F2C17A}.Debug|Any CPU.ActiveCfg = Debug|Any CPU
		{A3DAAAC8-5E10-4A3E-A166-49E3F9F2C17A}.Debug|Any CPU.Build.0 = Debug|Any CPU
		{A3DAAAC8-5E10-4A3E-A166-49E3F9F2C17A}.Release|Any CPU.ActiveCfg = Release|Any CPU
		{A3DAAAC8-5E10-4A3E-A166-49E3F9F2C17A}.Release|Any CPU.Build.0 = Release|Any CPU
		{2EA72A6D-F202-4BB3-B563-FDA21DD509DA}.Debug|Any CPU.ActiveCfg = Debug|Any CPU
		{2EA72A6D-F202-4BB3-B563-FDA21DD509DA}.Debug|Any CPU.Build.0 = Debug|Any CPU
		{2EA72A6D-F202-4BB3-B563-FDA21DD509DA}.Release|Any CPU.ActiveCfg = Release|Any CPU
		{2EA72A6D-F202-4BB3-B563-FDA21DD509DA}.Release|Any CPU.Build.0 = Release|Any CPU
	EndGlobalSection
	GlobalSection(SolutionProperties) = preSolution
		HideSolutionNode = FALSE
	EndGlobalSection
	GlobalSection(ExtensibilityGlobals) = postSolution
		SolutionGuid = {7A678BC7-3DD2-4841-9435-BBF8AC54562B}
	EndGlobalSection
EndGlobal
